
Microsoft Visual Studio Solution File, Format Version 12.00
# Visual Studio Version 16
VisualStudioVersion = 16.0.32929.386
MinimumVisualStudioVersion = 10.0.40219.1
Project("{FAE04EC0-301F-11D3-BF4B-00C04F79EFBC}") = "BaoCaoXuLyAnh", "BaoCaoXuLyAnh\BaoCaoXuLyAnh.csproj", "{D16CA620-06C0-4269-8053-8E757184206C}"
EndProject
Project("{54435603-DBB4-11D2-8724-00A0C9A8B90C}") = "Setup1", "Setup1\Setup1.vdproj", "{8B27FB9F-C7E9-4D9E-B05D-E4FA78958DFA}"
EndProject
Global
	GlobalSection(SolutionConfigurationPlatforms) = preSolution
		Debug|Any CPU = Debug|Any CPU
		Release|Any CPU = Release|Any CPU
	EndGlobalSection
	GlobalSection(ProjectConfigurationPlatforms) = postSolution
		{D16CA620-06C0-4269-8053-8E757184206C}.Debug|Any CPU.ActiveCfg = Debug|Any CPU
		{D16CA620-06C0-4269-8053-8E757184206C}.Debug|Any CPU.Build.0 = Debug|Any CPU
		{D16CA620-06C0-4269-8053-8E757184206C}.Release|Any CPU.ActiveCfg = Release|Any CPU
		{D16CA620-06C0-4269-8053-8E757184206C}.Release|Any CPU.Build.0 = Release|Any CPU
		{8B27FB9F-C7E9-4D9E-B05D-E4FA78958DFA}.Debug|Any CPU.ActiveCfg = Debug
		{8B27FB9F-C7E9-4D9E-B05D-E4FA78958DFA}.Release|Any CPU.ActiveCfg = Release
	EndGlobalSection
	GlobalSection(SolutionProperties) = preSolution
		HideSolutionNode = FALSE
	EndGlobalSection
	GlobalSection(ExtensibilityGlobals) = postSolution
		SolutionGuid = {195A6BAD-B436-433D-8378-6CA506D2F6CE}
	EndGlobalSection
EndGlobal
